
Microsoft Visual Studio Solution File, Format Version 12.00
# Visual Studio Version 17
VisualStudioVersion = 17.0.31903.59
MinimumVisualStudioVersion = 10.0.40219.1
Project("{2150E333-8FDC-42A3-9474-1A3956D46DE8}") = "src", "src", "{827E0CD3-B72D-47B6-A68D-7590B98EB39B}"
EndProject
Project("{FAE04EC0-301F-11D3-BF4B-00C04F79EFBC}") = "RecipeVault.Configuration", "src\RecipeVault.Configuration\RecipeVault.Configuration.csproj", "{35D77E27-D579-42FB-AF39-BB0235C2A64D}"
EndProject
Project("{FAE04EC0-301F-11D3-BF4B-00C04F79EFBC}") = "RecipeVault.Domain", "src\RecipeVault.Domain\RecipeVault.Domain.csproj", "{D9D08881-FD6D-443F-87EF-1DC679345721}"
EndProject
Project("{FAE04EC0-301F-11D3-BF4B-00C04F79EFBC}") = "RecipeVault.Exceptions", "src\RecipeVault.Exceptions\RecipeVault.Exceptions.csproj", "{FD4E6639-9E10-4904-A57B-ADE977CBD2E9}"
EndProject
Project("{FAE04EC0-301F-11D3-BF4B-00C04F79EFBC}") = "RecipeVault.Dto", "src\RecipeVault.Dto\RecipeVault.Dto.csproj", "{B95EDD89-9ABA-44B6-96DE-8C31F5207F6D}"
EndProject
Project("{FAE04EC0-301F-11D3-BF4B-00C04F79EFBC}") = "RecipeVault.Data", "src\RecipeVault.Data\RecipeVault.Data.csproj", "{2682AA15-3802-4F6A-91C2-150DF59DA5EB}"
EndProject
Project("{FAE04EC0-301F-11D3-BF4B-00C04F79EFBC}") = "RecipeVault.DomainService", "src\RecipeVault.DomainService\RecipeVault.DomainService.csproj", "{E10754CB-FC6F-4269-80BD-5305144E0F80}"
EndProject
Project("{FAE04EC0-301F-11D3-BF4B-00C04F79EFBC}") = "RecipeVault.Facade", "src\RecipeVault.Facade\RecipeVault.Facade.csproj", "{9E961423-21B3-4A02-B6E7-98B9AAAD4201}"
EndProject
Project("{FAE04EC0-301F-11D3-BF4B-00C04F79EFBC}") = "RecipeVault.Health", "src\RecipeVault.Health\RecipeVault.Health.csproj", "{A2D2FA2B-CEC3-4D4F-9171-793C376B67FE}"
EndProject
Project("{FAE04EC0-301F-11D3-BF4B-00C04F79EFBC}") = "RecipeVault.BootStrap", "src\RecipeVault.BootStrap\RecipeVault.BootStrap.csproj", "{01D16BFF-0C0F-4B21-9E77-FF8B2825B7C2}"
EndProject
Project("{FAE04EC0-301F-11D3-BF4B-00C04F79EFBC}") = "RecipeVault.Integrations.Gemini", "src\RecipeVault.Integrations.Gemini\RecipeVault.Integrations.Gemini.csproj", "{ECB993FD-DC27-4F1C-A164-63FD8897E4F7}"
EndProject
Project("{FAE04EC0-301F-11D3-BF4B-00C04F79EFBC}") = "RecipeVault.Integrations.Gemini.Tests", "src\RecipeVault.Integrations.Gemini.Tests\RecipeVault.Integrations.Gemini.Tests.csproj", "{8D54D041-37C9-458B-8FCD-92A34E4D4105}"
EndProject
Project("{FAE04EC0-301F-11D3-BF4B-00C04F79EFBC}") = "RecipeVault.WebApi", "src\RecipeVault.WebApi\RecipeVault.WebApi.csproj", "{2154091E-6BF4-4440-8AE3-AD331966C767}"
EndProject
Project("{FAE04EC0-301F-11D3-BF4B-00C04F79EFBC}") = "RecipeVault.WebApi.IntegrationTests", "src\RecipeVault.WebApi.IntegrationTests\RecipeVault.WebApi.IntegrationTests.csproj", "{83A3F93D-E831-4543-82BE-1E35AE70B21A}"
EndProject
Project("{FAE04EC0-301F-11D3-BF4B-00C04F79EFBC}") = "RecipeVault.TestUtilities", "src\RecipeVault.TestUtilities\RecipeVault.TestUtilities.csproj", "{B7E8D4F2-5C3B-4A5F-8E2D-9C1F6B8A3D5E}"
EndProject
Project("{FAE04EC0-301F-11D3-BF4B-00C04F79EFBC}") = "RecipeVault.Domain.Tests", "src\RecipeVault.Domain.Tests\RecipeVault.Domain.Tests.csproj", "{39DA19D7-A049-451B-BA15-F4C6A38F9588}"
EndProject
Project("{FAE04EC0-301F-11D3-BF4B-00C04F79EFBC}") = "RecipeVault.DomainService.Tests", "src\RecipeVault.DomainService.Tests\RecipeVault.DomainService.Tests.csproj", "{3451233C-39ED-4F4F-A47C-B7CFDF59E6BE}"
EndProject
Project("{FAE04EC0-301F-11D3-BF4B-00C04F79EFBC}") = "RecipeVault.Facade.Tests", "src\RecipeVault.Facade.Tests\RecipeVault.Facade.Tests.csproj", "{6ADA5876-E5DB-4CE0-8421-55ED29105784}"
EndProject
Project("{FAE04EC0-301F-11D3-BF4B-00C04F79EFBC}") = "RecipeVault.WebApi.Tests", "src\RecipeVault.WebApi.Tests\RecipeVault.WebApi.Tests.csproj", "{8330CFE9-4286-4715-A461-3E45E40FE1A5}"
EndProject
Project("{FAE04EC0-301F-11D3-BF4B-00C04F79EFBC}") = "RecipeVault.Integrations.Supabase", "src\RecipeVault.Integrations.Supabase\RecipeVault.Integrations.Supabase.csproj", "{E38D07DD-0008-40C1-877A-4DE0C3B5E51A}"
EndProject
Project("{FAE04EC0-301F-11D3-BF4B-00C04F79EFBC}") = "RecipeVault.Integrations.Usda", "src\RecipeVault.Integrations.Usda\RecipeVault.Integrations.Usda.csproj", "{1196C98C-03BA-43A3-AFE4-D81670FFE8A3}"
EndProject
Project("{FAE04EC0-301F-11D3-BF4B-00C04F79EFBC}") = "RecipeVault.Integrations.VideoDownload", "src\RecipeVault.Integrations.VideoDownload\RecipeVault.Integrations.VideoDownload.csproj", "{D21AC982-8873-445D-BBD4-7ED3BA55E833}"
EndProject
Global
	GlobalSection(SolutionConfigurationPlatforms) = preSolution
		Debug|Any CPU = Debug|Any CPU
		Debug|x64 = Debug|x64
		Debug|x86 = Debug|x86
		Release|Any CPU = Release|Any CPU
		Release|x64 = Release|x64
		Release|x86 = Release|x86
	EndGlobalSection
	GlobalSection(ProjectConfigurationPlatforms) = postSolution
		{35D77E27-D579-42FB-AF39-BB0235C2A64D}.Debug|Any CPU.ActiveCfg = Debug|Any CPU
		{35D77E27-D579-42FB-AF39-BB0235C2A64D}.Debug|Any CPU.Build.0 = Debug|Any CPU
		{35D77E27-D579-42FB-AF39-BB0235C2A64D}.Debug|x64.ActiveCfg = Debug|Any CPU
		{35D77E27-D579-42FB-AF39-BB0235C2A64D}.Debug|x64.Build.0 = Debug|Any CPU
		{35D77E27-D579-42FB-AF39-BB0235C2A64D}.Debug|x86.ActiveCfg = Debug|Any CPU
		{35D77E27-D579-42FB-AF39-BB0235C2A64D}.Debug|x86.Build.0 = Debug|Any CPU
		{35D77E27-D579-42FB-AF39-BB0235C2A64D}.Release|Any CPU.ActiveCfg = Release|Any CPU
		{35D77E27-D579-42FB-AF39-BB0235C2A64D}.Release|Any CPU.Build.0 = Release|Any CPU
		{35D77E27-D579-42FB-AF39-BB0235C2A64D}.Release|x64.ActiveCfg = Release|Any CPU
		{35D77E27-D579-42FB-AF39-BB0235C2A64D}.Release|x64.Build.0 = Release|Any CPU
		{35D77E27-D579-42FB-AF39-BB0235C2A64D}.Release|x86.ActiveCfg = Release|Any CPU
		{35D77E27-D579-42FB-AF39-BB0235C2A64D}.Release|x86.Build.0 = Release|Any CPU
		{D9D08881-FD6D-443F-87EF-1DC679345721}.Debug|Any CPU.ActiveCfg = Debug|Any CPU
		{D9D08881-FD6D-443F-87EF-1DC679345721}.Debug|Any CPU.Build.0 = Debug|Any CPU
		{D9D08881-FD6D-443F-87EF-1DC679345721}.Debug|x64.ActiveCfg = Debug|Any CPU
		{D9D08881-FD6D-443F-87EF-1DC679345721}.Debug|x64.Build.0 = Debug|Any CPU
		{D9D08881-FD6D-443F-87EF-1DC679345721}.Debug|x86.ActiveCfg = Debug|Any CPU
		{D9D08881-FD6D-443F-87EF-1DC679345721}.Debug|x86.Build.0 = Debug|Any CPU
		{D9D08881-FD6D-443F-87EF-1DC679345721}.Release|Any CPU.ActiveCfg = Release|Any CPU
		{D9D08881-FD6D-443F-87EF-1DC679345721}.Release|Any CPU.Build.0 = Release|Any CPU
		{D9D08881-FD6D-443F-87EF-1DC679345721}.Release|x64.ActiveCfg = Release|Any CPU
		{D9D08881-FD6D-443F-87EF-1DC679345721}.Release|x64.Build.0 = Release|Any CPU
		{D9D08881-FD6D-443F-87EF-1DC679345721}.Release|x86.ActiveCfg = Release|Any CPU
		{D9D08881-FD6D-443F-87EF-1DC679345721}.Release|x86.Build.0 = Release|Any CPU
		{FD4E6639-9E10-4904-A57B-ADE977CBD2E9}.Debug|Any CPU.ActiveCfg = Debug|Any CPU
		{FD4E6639-9E10-4904-A57B-ADE977CBD2E9}.Debug|Any CPU.Build.0 = Debug|Any CPU
		{FD4E6639-9E10-4904-A57B-ADE977CBD2E9}.Debug|x64.ActiveCfg = Debug|Any CPU
		{FD4E6639-9E10-4904-A57B-ADE977CBD2E9}.Debug|x64.Build.0 = Debug|Any CPU
		{FD4E6639-9E10-4904-A57B-ADE977CBD2E9}.Debug|x86.ActiveCfg = Debug|Any CPU
		{FD4E6639-9E10-4904-A57B-ADE977CBD2E9}.Debug|x86.Build.0 = Debug|Any CPU
		{FD4E6639-9E10-4904-A57B-ADE977CBD2E9}.Release|Any CPU.ActiveCfg = Release|Any CPU
		{FD4E6639-9E10-4904-A57B-ADE977CBD2E9}.Release|Any CPU.Build.0 = Release|Any CPU
		{FD4E6639-9E10-4904-A57B-ADE977CBD2E9}.Release|x64.ActiveCfg = Release|Any CPU
		{FD4E6639-9E10-4904-A57B-ADE977CBD2E9}.Release|x64.Build.0 = Release|Any CPU
		{FD4E6639-9E10-4904-A57B-ADE977CBD2E9}.Release|x86.ActiveCfg = Release|Any CPU
		{FD4E6639-9E10-4904-A57B-ADE977CBD2E9}.Release|x86.Build.0 = Release|Any CPU
		{B95EDD89-9ABA-44B6-96DE-8C31F5207F6D}.Debug|Any CPU.ActiveCfg = Debug|Any CPU
		{B95EDD89-9ABA-44B6-96DE-8C31F5207F6D}.Debug|Any CPU.Build.0 = Debug|Any CPU
		{B95EDD89-9ABA-44B6-96DE-8C31F5207F6D}.Debug|x64.ActiveCfg = Debug|Any CPU
		{B95EDD89-9ABA-44B6-96DE-8C31F5207F6D}.Debug|x64.Build.0 = Debug|Any CPU
		{B95EDD89-9ABA-44B6-96DE-8C31F5207F6D}.Debug|x86.ActiveCfg = Debug|Any CPU
		{B95EDD89-9ABA-44B6-96DE-8C31F5207F6D}.Debug|x86.Build.0 = Debug|Any CPU
		{B95EDD89-9ABA-44B6-96DE-8C31F5207F6D}.Release|Any CPU.ActiveCfg = Release|Any CPU
		{B95EDD89-9ABA-44B6-96DE-8C31F5207F6D}.Release|Any CPU.Build.0 = Release|Any CPU
		{B95EDD89-9ABA-44B6-96DE-8C31F5207F6D}.Release|x64.ActiveCfg = Release|Any CPU
		{B95EDD89-9ABA-44B6-96DE-8C31F5207F6D}.Release|x64.Build.0 = Release|Any CPU
		{B95EDD89-9ABA-44B6-96DE-8C31F5207F6D}.Release|x86.ActiveCfg = Release|Any CPU
		{B95EDD89-9ABA-44B6-96DE-8C31F5207F6D}.Release|x86.Build.0 = Release|Any CPU
		{2682AA15-3802-4F6A-91C2-150DF59DA5EB}.Debug|Any CPU.ActiveCfg = Debug|Any CPU
		{2682AA15-3802-4F6A-91C2-150DF59DA5EB}.Debug|Any CPU.Build.0 = Debug|Any CPU
		{2682AA15-3802-4F6A-91C2-150DF59DA5EB}.Debug|x64.ActiveCfg = Debug|Any CPU
		{2682AA15-3802-4F6A-91C2-150DF59DA5EB}.Debug|x64.Build.0 = Debug|Any CPU
		{2682AA15-3802-4F6A-91C2-150DF59DA5EB}.Debug|x86.ActiveCfg = Debug|Any CPU
		{2682AA15-3802-4F6A-91C2-150DF59DA5EB}.Debug|x86.Build.0 = Debug|Any CPU
		{2682AA15-3802-4F6A-91C2-150DF59DA5EB}.Release|Any CPU.ActiveCfg = Release|Any CPU
		{2682AA15-3802-4F6A-91C2-150DF59DA5EB}.Release|Any CPU.Build.0 = Release|Any CPU
		{2682AA15-3802-4F6A-91C2-150DF59DA5EB}.Release|x64.ActiveCfg = Release|Any CPU
		{2682AA15-3802-4F6A-91C2-150DF59DA5EB}.Release|x64.Build.0 = Release|Any CPU
		{2682AA15-3802-4F6A-91C2-150DF59DA5EB}.Release|x86.ActiveCfg = Release|Any CPU
		{2682AA15-3802-4F6A-91C2-150DF59DA5EB}.Release|x86.Build.0 = Release|Any CPU
		{E10754CB-FC6F-4269-80BD-5305144E0F80}.Debug|Any CPU.ActiveCfg = Debug|Any CPU
		{E10754CB-FC6F-4269-80BD-5305144E0F80}.Debug|Any CPU.Build.0 = Debug|Any CPU
		{E10754CB-FC6F-4269-80BD-5305144E0F80}.Debug|x64.ActiveCfg = Debug|Any CPU
		{E10754CB-FC6F-4269-80BD-5305144E0F80}.Debug|x64.Build.0 = Debug|Any CPU
		{E10754CB-FC6F-4269-80BD-5305144E0F80}.Debug|x86.ActiveCfg = Debug|Any CPU
		{E10754CB-FC6F-4269-80BD-5305144E0F80}.Debug|x86.Build.0 = Debug|Any CPU
		{E10754CB-FC6F-4269-80BD-5305144E0F80}.Release|Any CPU.ActiveCfg = Release|Any CPU
		{E10754CB-FC6F-4269-80BD-5305144E0F80}.Release|Any CPU.Build.0 = Release|Any CPU
		{E10754CB-FC6F-4269-80BD-5305144E0F80}.Release|x64.ActiveCfg = Release|Any CPU
		{E10754CB-FC6F-4269-80BD-5305144E0F80}.Release|x64.Build.0 = Release|Any CPU
		{E10754CB-FC6F-4269-80BD-5305144E0F80}.Release|x86.ActiveCfg = Release|Any CPU
		{E10754CB-FC6F-4269-80BD-5305144E0F80}.Release|x86.Build.0 = Release|Any CPU
		{9E961423-21B3-4A02-B6E7-98B9AAAD4201}.Debug|Any CPU.ActiveCfg = Debug|Any CPU
		{9E961423-21B3-4A02-B6E7-98B9AAAD4201}.Debug|Any CPU.Build.0 = Debug|Any CPU
		{9E961423-21B3-4A02-B6E7-98B9AAAD4201}.Debug|x64.ActiveCfg = Debug|Any CPU
		{9E961423-21B3-4A02-B6E7-98B9AAAD4201}.Debug|x64.Build.0 = Debug|Any CPU
		{9E961423-21B3-4A02-B6E7-98B9AAAD4201}.Debug|x86.ActiveCfg = Debug|Any CPU
		{9E961423-21B3-4A02-B6E7-98B9AAAD4201}.Debug|x86.Build.0 = Debug|Any CPU
		{9E961423-21B3-4A02-B6E7-98B9AAAD4201}.Release|Any CPU.ActiveCfg = Release|Any CPU
		{9E961423-21B3-4A02-B6E7-98B9AAAD4201}.Release|Any CPU.Build.0 = Release|Any CPU
		{9E961423-21B3-4A02-B6E7-98B9AAAD4201}.Release|x64.ActiveCfg = Release|Any CPU
		{9E961423-21B3-4A02-B6E7-98B9AAAD4201}.Release|x64.Build.0 = Release|Any CPU
		{9E961423-21B3-4A02-B6E7-98B9AAAD4201}.Release|x86.ActiveCfg = Release|Any CPU
		{9E961423-21B3-4A02-B6E7-98B9AAAD4201}.Release|x86.Build.0 = Release|Any CPU
		{A2D2FA2B-CEC3-4D4F-9171-793C376B67FE}.Debug|Any CPU.ActiveCfg = Debug|Any CPU
		{A2D2FA2B-CEC3-4D4F-9171-793C376B67FE}.Debug|Any CPU.Build.0 = Debug|Any CPU
		{A2D2FA2B-CEC3-4D4F-9171-793C376B67FE}.Debug|x64.ActiveCfg = Debug|Any CPU
		{A2D2FA2B-CEC3-4D4F-9171-793C376B67FE}.Debug|x64.Build.0 = Debug|Any CPU
		{A2D2FA2B-CEC3-4D4F-9171-793C376B67FE}.Debug|x86.ActiveCfg = Debug|Any CPU
		{A2D2FA2B-CEC3-4D4F-9171-793C376B67FE}.Debug|x86.Build.0 = Debug|Any CPU
		{A2D2FA2B-CEC3-4D4F-9171-793C376B67FE}.Release|Any CPU.ActiveCfg = Release|Any CPU
		{A2D2FA2B-CEC3-4D4F-9171-793C376B67FE}.Release|Any CPU.Build.0 = Release|Any CPU
		{A2D2FA2B-CEC3-4D4F-9171-793C376B67FE}.Release|x64.ActiveCfg = Release|Any CPU
		{A2D2FA2B-CEC3-4D4F-9171-793C376B67FE}.Release|x64.Build.0 = Release|Any CPU
		{A2D2FA2B-CEC3-4D4F-9171-793C376B67FE}.Release|x86.ActiveCfg = Release|Any CPU
		{A2D2FA2B-CEC3-4D4F-9171-793C376B67FE}.Release|x86.Build.0 = Release|Any CPU
		{01D16BFF-0C0F-4B21-9E77-FF8B2825B7C2}.Debug|Any CPU.ActiveCfg = Debug|Any CPU
		{01D16BFF-0C0F-4B21-9E77-FF8B2825B7C2}.Debug|Any CPU.Build.0 = Debug|Any CPU
		{01D16BFF-0C0F-4B21-9E77-FF8B2825B7C2}.Debug|x64.ActiveCfg = Debug|Any CPU
		{01D16BFF-0C0F-4B21-9E77-FF8B2825B7C2}.Debug|x64.Build.0 = Debug|Any CPU
		{01D16BFF-0C0F-4B21-9E77-FF8B2825B7C2}.Debug|x86.ActiveCfg = Debug|Any CPU
		{01D16BFF-0C0F-4B21-9E77-FF8B2825B7C2}.Debug|x86.Build.0 = Debug|Any CPU
		{01D16BFF-0C0F-4B21-9E77-FF8B2825B7C2}.Release|Any CPU.ActiveCfg = Release|Any CPU
		{01D16BFF-0C0F-4B21-9E77-FF8B2825B7C2}.Release|Any CPU.Build.0 = Release|Any CPU
		{01D16BFF-0C0F-4B21-9E77-FF8B2825B7C2}.Release|x64.ActiveCfg = Release|Any CPU
		{01D16BFF-0C0F-4B21-9E77-FF8B2825B7C2}.Release|x64.Build.0 = Release|Any CPU
		{01D16BFF-0C0F-4B21-9E77-FF8B2825B7C2}.Release|x86.ActiveCfg = Release|Any CPU
		{01D16BFF-0C0F-4B21-9E77-FF8B2825B7C2}.Release|x86.Build.0 = Release|Any CPU
		{ECB993FD-DC27-4F1C-A164-63FD8897E4F7}.Debug|Any CPU.ActiveCfg = Debug|Any CPU
		{ECB993FD-DC27-4F1C-A164-63FD8897E4F7}.Debug|Any CPU.Build.0 = Debug|Any CPU
		{ECB993FD-DC27-4F1C-A164-63FD8897E4F7}.Debug|x64.ActiveCfg = Debug|Any CPU
		{ECB993FD-DC27-4F1C-A164-63FD8897E4F7}.Debug|x64.Build.0 = Debug|Any CPU
		{ECB993FD-DC27-4F1C-A164-63FD8897E4F7}.Debug|x86.ActiveCfg = Debug|Any CPU
		{ECB993FD-DC27-4F1C-A164-63FD8897E4F7}.Debug|x86.Build.0 = Debug|Any CPU
		{ECB993FD-DC27-4F1C-A164-63FD8897E4F7}.Release|Any CPU.ActiveCfg = Release|Any CPU
		{ECB993FD-DC27-4F1C-A164-63FD8897E4F7}.Release|Any CPU.Build.0 = Release|Any CPU
		{ECB993FD-DC27-4F1C-A164-63FD8897E4F7}.Release|x64.ActiveCfg = Release|Any CPU
		{ECB993FD-DC27-4F1C-A164-63FD8897E4F7}.Release|x64.Build.0 = Release|Any CPU
		{ECB993FD-DC27-4F1C-A164-63FD8897E4F7}.Release|x86.ActiveCfg = Release|Any CPU
		{ECB993FD-DC27-4F1C-A164-63FD8897E4F7}.Release|x86.Build.0 = Release|Any CPU
		{8D54D041-37C9-458B-8FCD-92A34E4D4105}.Debug|Any CPU.ActiveCfg = Debug|Any CPU
		{8D54D041-37C9-458B-8FCD-92A34E4D4105}.Debug|Any CPU.Build.0 = Debug|Any CPU
		{8D54D041-37C9-458B-8FCD-92A34E4D4105}.Debug|x64.ActiveCfg = Debug|Any CPU
		{8D54D041-37C9-458B-8FCD-92A34E4D4105}.Debug|x64.Build.0 = Debug|Any CPU
		{8D54D041-37C9-458B-8FCD-92A34E4D4105}.Debug|x86.ActiveCfg = Debug|Any CPU
		{8D54D041-37C9-458B-8FCD-92A34E4D4105}.Debug|x86.Build.0 = Debug|Any CPU
		{8D54D041-37C9-458B-8FCD-92A34E4D4105}.Release|Any CPU.ActiveCfg = Release|Any CPU
		{8D54D041-37C9-458B-8FCD-92A34E4D4105}.Release|Any CPU.Build.0 = Release|Any CPU
		{8D54D041-37C9-458B-8FCD-92A34E4D4105}.Release|x64.ActiveCfg = Release|Any CPU
		{8D54D041-37C9-458B-8FCD-92A34E4D4105}.Release|x64.Build.0 = Release|Any CPU
		{8D54D041-37C9-458B-8FCD-92A34E4D4105}.Release|x86.ActiveCfg = Release|Any CPU
		{8D54D041-37C9-458B-8FCD-92A34E4D4105}.Release|x86.Build.0 = Release|Any CPU
		{2154091E-6BF4-4440-8AE3-AD331966C767}.Debug|Any CPU.ActiveCfg = Debug|Any CPU
		{2154091E-6BF4-4440-8AE3-AD331966C767}.Debug|Any CPU.Build.0 = Debug|Any CPU
		{2154091E-6BF4-4440-8AE3-AD331966C767}.Debug|x64.ActiveCfg = Debug|Any CPU
		{2154091E-6BF4-4440-8AE3-AD331966C767}.Debug|x64.Build.0 = Debug|Any CPU
		{2154091E-6BF4-4440-8AE3-AD331966C767}.Debug|x86.ActiveCfg = Debug|Any CPU
		{2154091E-6BF4-4440-8AE3-AD331966C767}.Debug|x86.Build.0 = Debug|Any CPU
		{2154091E-6BF4-4440-8AE3-AD331966C767}.Release|Any CPU.ActiveCfg = Release|Any CPU
		{2154091E-6BF4-4440-8AE3-AD331966C767}.Release|Any CPU.Build.0 = Release|Any CPU
		{2154091E-6BF4-4440-8AE3-AD331966C767}.Release|x64.ActiveCfg = Release|Any CPU
		{2154091E-6BF4-4440-8AE3-AD331966C767}.Release|x64.Build.0 = Release|Any CPU
		{2154091E-6BF4-4440-8AE3-AD331966C767}.Release|x86.ActiveCfg = Release|Any CPU
		{2154091E-6BF4-4440-8AE3-AD331966C767}.Release|x86.Build.0 = Release|Any CPU
		{83A3F93D-E831-4543-82BE-1E35AE70B21A}.Debug|Any CPU.ActiveCfg = Debug|Any CPU
		{83A3F93D-E831-4543-82BE-1E35AE70B21A}.Debug|Any CPU.Build.0 = Debug|Any CPU
		{83A3F93D-E831-4543-82BE-1E35AE70B21A}.Debug|x64.ActiveCfg = Debug|Any CPU
		{83A3F93D-E831-4543-82BE-1E35AE70B21A}.Debug|x64.Build.0 = Debug|Any CPU
		{83A3F93D-E831-4543-82BE-1E35AE70B21A}.Debug|x86.ActiveCfg = Debug|Any CPU
		{83A3F93D-E831-4543-82BE-1E35AE70B21A}.Debug|x86.Build.0 = Debug|Any CPU
		{83A3F93D-E831-4543-82BE-1E35AE70B21A}.Release|Any CPU.ActiveCfg = Release|Any CPU
		{83A3F93D-E831-4543-82BE-1E35AE70B21A}.Release|Any CPU.Build.0 = Release|Any CPU
		{83A3F93D-E831-4543-82BE-1E35AE70B21A}.Release|x64.ActiveCfg = Release|Any CPU
		{83A3F93D-E831-4543-82BE-1E35AE70B21A}.Release|x64.Build.0 = Release|Any CPU
		{83A3F93D-E831-4543-82BE-1E35AE70B21A}.Release|x86.ActiveCfg = Release|Any CPU
		{83A3F93D-E831-4543-82BE-1E35AE70B21A}.Release|x86.Build.0 = Release|Any CPU
		{B7E8D4F2-5C3B-4A5F-8E2D-9C1F6B8A3D5E}.Debug|Any CPU.ActiveCfg = Debug|Any CPU
		{B7E8D4F2-5C3B-4A5F-8E2D-9C1F6B8A3D5E}.Debug|Any CPU.Build.0 = Debug|Any CPU
		{B7E8D4F2-5C3B-4A5F-8E2D-9C1F6B8A3D5E}.Debug|x64.ActiveCfg = Debug|Any CPU
		{B7E8D4F2-5C3B-4A5F-8E2D-9C1F6B8A3D5E}.Debug|x64.Build.0 = Debug|Any CPU
		{B7E8D4F2-5C3B-4A5F-8E2D-9C1F6B8A3D5E}.Debug|x86.ActiveCfg = Debug|Any CPU
		{B7E8D4F2-5C3B-4A5F-8E2D-9C1F6B8A3D5E}.Debug|x86.Build.0 = Debug|Any CPU
		{B7E8D4F2-5C3B-4A5F-8E2D-9C1F6B8A3D5E}.Release|Any CPU.ActiveCfg = Release|Any CPU
		{B7E8D4F2-5C3B-4A5F-8E2D-9C1F6B8A3D5E}.Release|Any CPU.Build.0 = Release|Any CPU
		{B7E8D4F2-5C3B-4A5F-8E2D-9C1F6B8A3D5E}.Release|x64.ActiveCfg = Release|Any CPU
		{B7E8D4F2-5C3B-4A5F-8E2D-9C1F6B8A3D5E}.Release|x64.Build.0 = Release|Any CPU
		{B7E8D4F2-5C3B-4A5F-8E2D-9C1F6B8A3D5E}.Release|x86.ActiveCfg = Release|Any CPU
		{B7E8D4F2-5C3B-4A5F-8E2D-9C1F6B8A3D5E}.Release|x86.Build.0 = Release|Any CPU
		{39DA19D7-A049-451B-BA15-F4C6A38F9588}.Debug|Any CPU.ActiveCfg = Debug|Any CPU
		{39DA19D7-A049-451B-BA15-F4C6A38F9588}.Debug|Any CPU.Build.0 = Debug|Any CPU
		{39DA19D7-A049-451B-BA15-F4C6A38F9588}.Debug|x64.ActiveCfg = Debug|Any CPU
		{39DA19D7-A049-451B-BA15-F4C6A38F9588}.Debug|x64.Build.0 = Debug|Any CPU
		{39DA19D7-A049-451B-BA15-F4C6A38F9588}.Debug|x86.ActiveCfg = Debug|Any CPU
		{39DA19D7-A049-451B-BA15-F4C6A38F9588}.Debug|x86.Build.0 = Debug|Any CPU
		{39DA19D7-A049-451B-BA15-F4C6A38F9588}.Release|Any CPU.ActiveCfg = Release|Any CPU
		{39DA19D7-A049-451B-BA15-F4C6A38F9588}.Release|Any CPU.Build.0 = Release|Any CPU
		{39DA19D7-A049-451B-BA15-F4C6A38F9588}.Release|x64.ActiveCfg = Release|Any CPU
		{39DA19D7-A049-451B-BA15-F4C6A38F9588}.Release|x64.Build.0 = Release|Any CPU
		{39DA19D7-A049-451B-BA15-F4C6A38F9588}.Release|x86.ActiveCfg = Release|Any CPU
		{39DA19D7-A049-451B-BA15-F4C6A38F9588}.Release|x86.Build.0 = Release|Any CPU
		{3451233C-39ED-4F4F-A47C-B7CFDF59E6BE}.Debug|Any CPU.ActiveCfg = Debug|Any CPU
		{3451233C-39ED-4F4F-A47C-B7CFDF59E6BE}.Debug|Any CPU.Build.0 = Debug|Any CPU
		{3451233C-39ED-4F4F-A47C-B7CFDF59E6BE}.Debug|x64.ActiveCfg = Debug|Any CPU
		{3451233C-39ED-4F4F-A47C-B7CFDF59E6BE}.Debug|x64.Build.0 = Debug|Any CPU
		{3451233C-39ED-4F4F-A47C-B7CFDF59E6BE}.Debug|x86.ActiveCfg = Debug|Any CPU
		{3451233C-39ED-4F4F-A47C-B7CFDF59E6BE}.Debug|x86.Build.0 = Debug|Any CPU
		{3451233C-39ED-4F4F-A47C-B7CFDF59E6BE}.Release|Any CPU.ActiveCfg = Release|Any CPU
		{3451233C-39ED-4F4F-A47C-B7CFDF59E6BE}.Release|Any CPU.Build.0 = Release|Any CPU
		{3451233C-39ED-4F4F-A47C-B7CFDF59E6BE}.Release|x64.ActiveCfg = Release|Any CPU
		{3451233C-39ED-4F4F-A47C-B7CFDF59E6BE}.Release|x64.Build.0 = Release|Any CPU
		{3451233C-39ED-4F4F-A47C-B7CFDF59E6BE}.Release|x86.ActiveCfg = Release|Any CPU
		{3451233C-39ED-4F4F-A47C-B7CFDF59E6BE}.Release|x86.Build.0 = Release|Any CPU
		{6ADA5876-E5DB-4CE0-8421-55ED29105784}.Debug|Any CPU.ActiveCfg = Debug|Any CPU
		{6ADA5876-E5DB-4CE0-8421-55ED29105784}.Debug|Any CPU.Build.0 = Debug|Any CPU
		{6ADA5876-E5DB-4CE0-8421-55ED29105784}.Debug|x64.ActiveCfg = Debug|Any CPU
		{6ADA5876-E5DB-4CE0-8421-55ED29105784}.Debug|x64.Build.0 = Debug|Any CPU
		{6ADA5876-E5DB-4CE0-8421-55ED29105784}.Debug|x86.ActiveCfg = Debug|Any CPU
		{6ADA5876-E5DB-4CE0-8421-55ED29105784}.Debug|x86.Build.0 = Debug|Any CPU
		{6ADA5876-E5DB-4CE0-8421-55ED29105784}.Release|Any CPU.ActiveCfg = Release|Any CPU
		{6ADA5876-E5DB-4CE0-8421-55ED29105784}.Release|Any CPU.Build.0 = Release|Any CPU
		{6ADA5876-E5DB-4CE0-8421-55ED29105784}.Release|x64.ActiveCfg = Release|Any CPU
		{6ADA5876-E5DB-4CE0-8421-55ED29105784}.Release|x64.Build.0 = Release|Any CPU
		{6ADA5876-E5DB-4CE0-8421-55ED29105784}.Release|x86.ActiveCfg = Release|Any CPU
		{6ADA5876-E5DB-4CE0-8421-55ED29105784}.Release|x86.Build.0 = Release|Any CPU
		{8330CFE9-4286-4715-A461-3E45E40FE1A5}.Debug|Any CPU.ActiveCfg = Debug|Any CPU
		{8330CFE9-4286-4715-A461-3E45E40FE1A5}.Debug|Any CPU.Build.0 = Debug|Any CPU
		{8330CFE9-4286-4715-A461-3E45E40FE1A5}.Debug|x64.ActiveCfg = Debug|Any CPU
		{8330CFE9-4286-4715-A461-3E45E40FE1A5}.Debug|x64.Build.0 = Debug|Any CPU
		{8330CFE9-4286-4715-A461-3E45E40FE1A5}.Debug|x86.ActiveCfg = Debug|Any CPU
		{8330CFE9-4286-4715-A461-3E45E40FE1A5}.Debug|x86.Build.0 = Debug|Any CPU
		{8330CFE9-4286-4715-A461-3E45E40FE1A5}.Release|Any CPU.ActiveCfg = Release|Any CPU
		{8330CFE9-4286-4715-A461-3E45E40FE1A5}.Release|Any CPU.Build.0 = Release|Any CPU
		{8330CFE9-4286-4715-A461-3E45E40FE1A5}.Release|x64.ActiveCfg = Release|Any CPU
		{8330CFE9-4286-4715-A461-3E45E40FE1A5}.Release|x64.Build.0 = Release|Any CPU
		{8330CFE9-4286-4715-A461-3E45E40FE1A5}.Release|x86.ActiveCfg = Release|Any CPU
		{8330CFE9-4286-4715-A461-3E45E40FE1A5}.Release|x86.Build.0 = Release|Any CPU
		{E38D07DD-0008-40C1-877A-4DE0C3B5E51A}.Debug|Any CPU.ActiveCfg = Debug|Any CPU
		{E38D07DD-0008-40C1-877A-4DE0C3B5E51A}.Debug|Any CPU.Build.0 = Debug|Any CPU
		{E38D07DD-0008-40C1-877A-4DE0C3B5E51A}.Debug|x64.ActiveCfg = Debug|Any CPU
		{E38D07DD-0008-40C1-877A-4DE0C3B5E51A}.Debug|x64.Build.0 = Debug|Any CPU
		{E38D07DD-0008-40C1-877A-4DE0C3B5E51A}.Debug|x86.ActiveCfg = Debug|Any CPU
		{E38D07DD-0008-40C1-877A-4DE0C3B5E51A}.Debug|x86.Build.0 = Debug|Any CPU
		{E38D07DD-0008-40C1-877A-4DE0C3B5E51A}.Release|Any CPU.ActiveCfg = Release|Any CPU
		{E38D07DD-0008-40C1-877A-4DE0C3B5E51A}.Release|Any CPU.Build.0 = Release|Any CPU
		{E38D07DD-0008-40C1-877A-4DE0C3B5E51A}.Release|x64.ActiveCfg = Release|Any CPU
		{E38D07DD-0008-40C1-877A-4DE0C3B5E51A}.Release|x64.Build.0 = Release|Any CPU
		{E38D07DD-0008-40C1-877A-4DE0C3B5E51A}.Release|x86.ActiveCfg = Release|Any CPU
		{E38D07DD-0008-40C1-877A-4DE0C3B5E51A}.Release|x86.Build.0 = Release|Any CPU
		{1196C98C-03BA-43A3-AFE4-D81670FFE8A3}.Debug|Any CPU.ActiveCfg = Debug|Any CPU
		{1196C98C-03BA-43A3-AFE4-D81670FFE8A3}.Debug|Any CPU.Build.0 = Debug|Any CPU
		{1196C98C-03BA-43A3-AFE4-D81670FFE8A3}.Debug|x64.ActiveCfg = Debug|Any CPU
		{1196C98C-03BA-43A3-AFE4-D81670FFE8A3}.Debug|x64.Build.0 = Debug|Any CPU
		{1196C98C-03BA-43A3-AFE4-D81670FFE8A3}.Debug|x86.ActiveCfg = Debug|Any CPU
		{1196C98C-03BA-43A3-AFE4-D81670FFE8A3}.Debug|x86.Build.0 = Debug|Any CPU
		{1196C98C-03BA-43A3-AFE4-D81670FFE8A3}.Release|Any CPU.ActiveCfg = Release|Any CPU
		{1196C98C-03BA-43A3-AFE4-D81670FFE8A3}.Release|Any CPU.Build.0 = Release|Any CPU
		{1196C98C-03BA-43A3-AFE4-D81670FFE8A3}.Release|x64.ActiveCfg = Release|Any CPU
		{1196C98C-03BA-43A3-AFE4-D81670FFE8A3}.Release|x64.Build.0 = Release|Any CPU
		{1196C98C-03BA-43A3-AFE4-D81670FFE8A3}.Release|x86.ActiveCfg = Release|Any CPU
		{1196C98C-03BA-43A3-AFE4-D81670FFE8A3}.Release|x86.Build.0 = Release|Any CPU
		{D21AC982-8873-445D-BBD4-7ED3BA55E833}.Debug|Any CPU.ActiveCfg = Debug|Any CPU
		{D21AC982-8873-445D-BBD4-7ED3BA55E833}.Debug|Any CPU.Build.0 = Debug|Any CPU
		{D21AC982-8873-445D-BBD4-7ED3BA55E833}.Debug|x64.ActiveCfg = Debug|Any CPU
		{D21AC982-8873-445D-BBD4-7ED3BA55E833}.Debug|x64.Build.0 = Debug|Any CPU
		{D21AC982-8873-445D-BBD4-7ED3BA55E833}.Debug|x86.ActiveCfg = Debug|Any CPU
		{D21AC982-8873-445D-BBD4-7ED3BA55E833}.Debug|x86.Build.0 = Debug|Any CPU
		{D21AC982-8873-445D-BBD4-7ED3BA55E833}.Release|Any CPU.ActiveCfg = Release|Any CPU
		{D21AC982-8873-445D-BBD4-7ED3BA55E833}.Release|Any CPU.Build.0 = Release|Any CPU
		{D21AC982-8873-445D-BBD4-7ED3BA55E833}.Release|x64.ActiveCfg = Release|Any CPU
		{D21AC982-8873-445D-BBD4-7ED3BA55E833}.Release|x64.Build.0 = Release|Any CPU
		{D21AC982-8873-445D-BBD4-7ED3BA55E833}.Release|x86.ActiveCfg = Release|Any CPU
		{D21AC982-8873-445D-BBD4-7ED3BA55E833}.Release|x86.Build.0 = Release|Any CPU
	EndGlobalSection
	GlobalSection(SolutionProperties) = preSolution
		HideSolutionNode = FALSE
	EndGlobalSection
	GlobalSection(NestedProjects) = preSolution
		{35D77E27-D579-42FB-AF39-BB0235C2A64D} = {827E0CD3-B72D-47B6-A68D-7590B98EB39B}
		{D9D08881-FD6D-443F-87EF-1DC679345721} = {827E0CD3-B72D-47B6-A68D-7590B98EB39B}
		{FD4E6639-9E10-4904-A57B-ADE977CBD2E9} = {827E0CD3-B72D-47B6-A68D-7590B98EB39B}
		{B95EDD89-9ABA-44B6-96DE-8C31F5207F6D} = {827E0CD3-B72D-47B6-A68D-7590B98EB39B}
		{2682AA15-3802-4F6A-91C2-150DF59DA5EB} = {827E0CD3-B72D-47B6-A68D-7590B98EB39B}
		{E10754CB-FC6F-4269-80BD-5305144E0F80} = {827E0CD3-B72D-47B6-A68D-7590B98EB39B}
		{9E961423-21B3-4A02-B6E7-98B9AAAD4201} = {827E0CD3-B72D-47B6-A68D-7590B98EB39B}
		{A2D2FA2B-CEC3-4D4F-9171-793C376B67FE} = {827E0CD3-B72D-47B6-A68D-7590B98EB39B}
		{01D16BFF-0C0F-4B21-9E77-FF8B2825B7C2} = {827E0CD3-B72D-47B6-A68D-7590B98EB39B}
		{ECB993FD-DC27-4F1C-A164-63FD8897E4F7} = {827E0CD3-B72D-47B6-A68D-7590B98EB39B}
		{8D54D041-37C9-458B-8FCD-92A34E4D4105} = {827E0CD3-B72D-47B6-A68D-7590B98EB39B}
		{2154091E-6BF4-4440-8AE3-AD331966C767} = {827E0CD3-B72D-47B6-A68D-7590B98EB39B}
		{83A3F93D-E831-4543-82BE-1E35AE70B21A} = {827E0CD3-B72D-47B6-A68D-7590B98EB39B}
		{B7E8D4F2-5C3B-4A5F-8E2D-9C1F6B8A3D5E} = {827E0CD3-B72D-47B6-A68D-7590B98EB39B}
		{39DA19D7-A049-451B-BA15-F4C6A38F9588} = {827E0CD3-B72D-47B6-A68D-7590B98EB39B}
		{3451233C-39ED-4F4F-A47C-B7CFDF59E6BE} = {827E0CD3-B72D-47B6-A68D-7590B98EB39B}
		{6ADA5876-E5DB-4CE0-8421-55ED29105784} = {827E0CD3-B72D-47B6-A68D-7590B98EB39B}
		{8330CFE9-4286-4715-A461-3E45E40FE1A5} = {827E0CD3-B72D-47B6-A68D-7590B98EB39B}
		{E38D07DD-0008-40C1-877A-4DE0C3B5E51A} = {827E0CD3-B72D-47B6-A68D-7590B98EB39B}
		{1196C98C-03BA-43A3-AFE4-D81670FFE8A3} = {827E0CD3-B72D-47B6-A68D-7590B98EB39B}
		{D21AC982-8873-445D-BBD4-7ED3BA55E833} = {827E0CD3-B72D-47B6-A68D-7590B98EB39B}
	EndGlobalSection
	GlobalSection(ExtensibilityGlobals) = postSolution
		SolutionGuid = {5C2A1D2C-63B0-4C19-8EE1-F12404D37882}
	EndGlobalSection
EndGlobal
