
Microsoft Visual Studio Solution File, Format Version 12.00
# Visual Studio Version 17
VisualStudioVersion = 17.0.31903.59
MinimumVisualStudioVersion = 10.0.40219.1
Project("{2150E333-8FDC-42A3-9474-1A3956D46DE8}") = "src", "src", "{827E0CD3-B72D-47B6-A68D-7590B98EB39B}"
EndProject
Project("{FAE04EC0-301F-11D3-BF4B-00C04F79EFBC}") = "RecipeVault.Configuration", "src\RecipeVault.Configuration\RecipeVault.Configuration.csproj", "{35D77E27-D579-42FB-AF39-BB0235C2A64D}"
EndProject
Project("{FAE04EC0-301F-11D3-BF4B-00C04F79EFBC}") = "RecipeVault.Domain", "src\RecipeVault.Domain\RecipeVault.Domain.csproj", "{D9D08881-FD6D-443F-87EF-1DC679345721}"
EndProject
Project("{FAE04EC0-301F-11D3-BF4B-00C04F79EFBC}") = "RecipeVault.Exceptions", "src\RecipeVault.Exceptions\RecipeVault.Exceptions.csproj", "{FD4E6639-9E10-4904-A57B-ADE977CBD2E9}"
EndProject
Project("{FAE04EC0-301F-11D3-BF4B-00C04F79EFBC}") = "RecipeVault.Dto", "src\RecipeVault.Dto\RecipeVault.Dto.csproj", "{B95EDD89-9ABA-44B6-96DE-8C31F5207F6D}"
EndProject
Project("{FAE04EC0-301F-11D3-BF4B-00C04F79EFBC}") = "RecipeVault.Data", "src\RecipeVault.Data\RecipeVault.Data.csproj", "{2682AA15-3802-4F6A-91C2-150DF59DA5EB}"
EndProject
Project("{FAE04EC0-301F-11D3-BF4B-00C04F79EFBC}") = "RecipeVault.DomainService", "src\RecipeVault.DomainService\RecipeVault.DomainService.csproj", "{E10754CB-FC6F-4269-80BD-5305144E0F80}"
EndProject
Project("{FAE04EC0-301F-11D3-BF4B-00C04F79EFBC}") = "RecipeVault.Facade", "src\RecipeVault.Facade\RecipeVault.Facade.csproj", "{9E961423-21B3-4A02-B6E7-98B9AAAD4201}"
EndProject
Project("{FAE04EC0-301F-11D3-BF4B-00C04F79EFBC}") = "RecipeVault.Health", "src\RecipeVault.Health\RecipeVault.Health.csproj", "{A2D2FA2B-CEC3-4D4F-9171-793C376B67FE}"
EndProject
Project("{FAE04EC0-301F-11D3-BF4B-00C04F79EFBC}") = "RecipeVault.BootStrap", "src\RecipeVault.BootStrap\RecipeVault.BootStrap.csproj", "{01D16BFF-0C0F-4B21-9E77-FF8B2825B7C2}"
EndProject
Project("{FAE04EC0-301F-11D3-BF4B-00C04F79EFBC}") = "RecipeVault.Integrations.Gemini", "src\RecipeVault.Integrations.Gemini\RecipeVault.Integrations.Gemini.csproj", "{G2A3H4I5-9K8J-7M6L-0N9P-1Q3R5S7T9U}"
EndProject
Project("{FAE04EC0-301F-11D3-BF4B-00C04F79EFBC}") = "RecipeVault.Integrations.Gemini.Tests", "src\RecipeVault.Integrations.Gemini.Tests\RecipeVault.Integrations.Gemini.Tests.csproj", "{H3B4I5J6-0L9K-8N7M-1O2Q-2R4S6T8U0V}"
EndProject
Project("{FAE04EC0-301F-11D3-BF4B-00C04F79EFBC}") = "RecipeVault.WebApi", "src\RecipeVault.WebApi\RecipeVault.WebApi.csproj", "{2154091E-6BF4-4440-8AE3-AD331966C767}"
EndProject
Project("{FAE04EC0-301F-11D3-BF4B-00C04F79EFBC}") = "RecipeVault.WebApi.IntegrationTests", "src\RecipeVault.WebApi.IntegrationTests\RecipeVault.WebApi.IntegrationTests.csproj", "{83A3F93D-E831-4543-82BE-1E35AE70B21A}"
EndProject
Project("{FAE04EC0-301F-11D3-BF4B-00C04F79EFBC}") = "RecipeVault.TestUtilities", "src\RecipeVault.TestUtilities\RecipeVault.TestUtilities.csproj", "{B7E8D4F2-5C3B-4A5F-8E2D-9C1F6B8A3D5E}"
EndProject
Project("{FAE04EC0-301F-11D3-BF4B-00C04F79EFBC}") = "RecipeVault.Domain.Tests", "src\RecipeVault.Domain.Tests\RecipeVault.Domain.Tests.csproj", "{C8F9E5G3-6D4C-5B6G-9F3E-0D2G7C9B4E6F}"
EndProject
Project("{FAE04EC0-301F-11D3-BF4B-00C04F79EFBC}") = "RecipeVault.DomainService.Tests", "src\RecipeVault.DomainService.Tests\RecipeVault.DomainService.Tests.csproj", "{D9G0F6H4-7E5D-6C7H-0G4F-1E3H8D0C5F7G}"
EndProject
Project("{FAE04EC0-301F-11D3-BF4B-00C04F79EFBC}") = "RecipeVault.Facade.Tests", "src\RecipeVault.Facade.Tests\RecipeVault.Facade.Tests.csproj", "{E0H1G7I5-8F6E-7D8I-1H5G-2F4I9E1D6G8H}"
EndProject
Project("{FAE04EC0-301F-11D3-BF4B-00C04F79EFBC}") = "RecipeVault.WebApi.Tests", "src\RecipeVault.WebApi.Tests\RecipeVault.WebApi.Tests.csproj", "{F1I2H8J6-9G7F-8E9J-2I6H-3G5J0F2E7H9I}"
EndProject
Global
	GlobalSection(SolutionConfigurationPlatforms) = preSolution
		Debug|Any CPU = Debug|Any CPU
		Debug|x64 = Debug|x64
		Debug|x86 = Debug|x86
		Release|Any CPU = Release|Any CPU
		Release|x64 = Release|x64
		Release|x86 = Release|x86
	EndGlobalSection
	GlobalSection(ProjectConfigurationPlatforms) = postSolution
		{35D77E27-D579-42FB-AF39-BB0235C2A64D}.Debug|Any CPU.ActiveCfg = Debug|Any CPU
		{35D77E27-D579-42FB-AF39-BB0235C2A64D}.Debug|Any CPU.Build.0 = Debug|Any CPU
		{35D77E27-D579-42FB-AF39-BB0235C2A64D}.Debug|x64.ActiveCfg = Debug|Any CPU
		{35D77E27-D579-42FB-AF39-BB0235C2A64D}.Debug|x64.Build.0 = Debug|Any CPU
		{35D77E27-D579-42FB-AF39-BB0235C2A64D}.Debug|x86.ActiveCfg = Debug|Any CPU
		{35D77E27-D579-42FB-AF39-BB0235C2A64D}.Debug|x86.Build.0 = Debug|Any CPU
		{35D77E27-D579-42FB-AF39-BB0235C2A64D}.Release|Any CPU.ActiveCfg = Release|Any CPU
		{35D77E27-D579-42FB-AF39-BB0235C2A64D}.Release|Any CPU.Build.0 = Release|Any CPU
		{35D77E27-D579-42FB-AF39-BB0235C2A64D}.Release|x64.ActiveCfg = Release|Any CPU
		{35D77E27-D579-42FB-AF39-BB0235C2A64D}.Release|x64.Build.0 = Release|Any CPU
		{35D77E27-D579-42FB-AF39-BB0235C2A64D}.Release|x86.ActiveCfg = Release|Any CPU
		{35D77E27-D579-42FB-AF39-BB0235C2A64D}.Release|x86.Build.0 = Release|Any CPU
		{D9D08881-FD6D-443F-87EF-1DC679345721}.Debug|Any CPU.ActiveCfg = Debug|Any CPU
		{D9D08881-FD6D-443F-87EF-1DC679345721}.Debug|Any CPU.Build.0 = Debug|Any CPU
		{D9D08881-FD6D-443F-87EF-1DC679345721}.Debug|x64.ActiveCfg = Debug|Any CPU
		{D9D08881-FD6D-443F-87EF-1DC679345721}.Debug|x64.Build.0 = Debug|Any CPU
		{D9D08881-FD6D-443F-87EF-1DC679345721}.Debug|x86.ActiveCfg = Debug|Any CPU
		{D9D08881-FD6D-443F-87EF-1DC679345721}.Debug|x86.Build.0 = Debug|Any CPU
		{D9D08881-FD6D-443F-87EF-1DC679345721}.Release|Any CPU.ActiveCfg = Release|Any CPU
		{D9D08881-FD6D-443F-87EF-1DC679345721}.Release|Any CPU.Build.0 = Release|Any CPU
		{D9D08881-FD6D-443F-87EF-1DC679345721}.Release|x64.ActiveCfg = Release|Any CPU
		{D9D08881-FD6D-443F-87EF-1DC679345721}.Release|x64.Build.0 = Release|Any CPU
		{D9D08881-FD6D-443F-87EF-1DC679345721}.Release|x86.ActiveCfg = Release|Any CPU
		{D9D08881-FD6D-443F-87EF-1DC679345721}.Release|x86.Build.0 = Release|Any CPU
		{FD4E6639-9E10-4904-A57B-ADE977CBD2E9}.Debug|Any CPU.ActiveCfg = Debug|Any CPU
		{FD4E6639-9E10-4904-A57B-ADE977CBD2E9}.Debug|Any CPU.Build.0 = Debug|Any CPU
		{FD4E6639-9E10-4904-A57B-ADE977CBD2E9}.Debug|x64.ActiveCfg = Debug|Any CPU
		{FD4E6639-9E10-4904-A57B-ADE977CBD2E9}.Debug|x64.Build.0 = Debug|Any CPU
		{FD4E6639-9E10-4904-A57B-ADE977CBD2E9}.Debug|x86.ActiveCfg = Debug|Any CPU
		{FD4E6639-9E10-4904-A57B-ADE977CBD2E9}.Debug|x86.Build.0 = Debug|Any CPU
		{FD4E6639-9E10-4904-A57B-ADE977CBD2E9}.Release|Any CPU.ActiveCfg = Release|Any CPU
		{FD4E6639-9E10-4904-A57B-ADE977CBD2E9}.Release|Any CPU.Build.0 = Release|Any CPU
		{FD4E6639-9E10-4904-A57B-ADE977CBD2E9}.Release|x64.ActiveCfg = Release|Any CPU
		{FD4E6639-9E10-4904-A57B-ADE977CBD2E9}.Release|x64.Build.0 = Release|Any CPU
		{FD4E6639-9E10-4904-A57B-ADE977CBD2E9}.Release|x86.ActiveCfg = Release|Any CPU
		{FD4E6639-9E10-4904-A57B-ADE977CBD2E9}.Release|x86.Build.0 = Release|Any CPU
		{B95EDD89-9ABA-44B6-96DE-8C31F5207F6D}.Debug|Any CPU.ActiveCfg = Debug|Any CPU
		{B95EDD89-9ABA-44B6-96DE-8C31F5207F6D}.Debug|Any CPU.Build.0 = Debug|Any CPU
		{B95EDD89-9ABA-44B6-96DE-8C31F5207F6D}.Debug|x64.ActiveCfg = Debug|Any CPU
		{B95EDD89-9ABA-44B6-96DE-8C31F5207F6D}.Debug|x64.Build.0 = Debug|Any CPU
		{B95EDD89-9ABA-44B6-96DE-8C31F5207F6D}.Debug|x86.ActiveCfg = Debug|Any CPU
		{B95EDD89-9ABA-44B6-96DE-8C31F5207F6D}.Debug|x86.Build.0 = Debug|Any CPU
		{B95EDD89-9ABA-44B6-96DE-8C31F5207F6D}.Release|Any CPU.ActiveCfg = Release|Any CPU
		{B95EDD89-9ABA-44B6-96DE-8C31F5207F6D}.Release|Any CPU.Build.0 = Release|Any CPU
		{B95EDD89-9ABA-44B6-96DE-8C31F5207F6D}.Release|x64.ActiveCfg = Release|Any CPU
		{B95EDD89-9ABA-44B6-96DE-8C31F5207F6D}.Release|x64.Build.0 = Release|Any CPU
		{B95EDD89-9ABA-44B6-96DE-8C31F5207F6D}.Release|x86.ActiveCfg = Release|Any CPU
		{B95EDD89-9ABA-44B6-96DE-8C31F5207F6D}.Release|x86.Build.0 = Release|Any CPU
		{2682AA15-3802-4F6A-91C2-150DF59DA5EB}.Debug|Any CPU.ActiveCfg = Debug|Any CPU
		{2682AA15-3802-4F6A-91C2-150DF59DA5EB}.Debug|Any CPU.Build.0 = Debug|Any CPU
		{2682AA15-3802-4F6A-91C2-150DF59DA5EB}.Debug|x64.ActiveCfg = Debug|Any CPU
		{2682AA15-3802-4F6A-91C2-150DF59DA5EB}.Debug|x64.Build.0 = Debug|Any CPU
		{2682AA15-3802-4F6A-91C2-150DF59DA5EB}.Debug|x86.ActiveCfg = Debug|Any CPU
		{2682AA15-3802-4F6A-91C2-150DF59DA5EB}.Debug|x86.Build.0 = Debug|Any CPU
		{2682AA15-3802-4F6A-91C2-150DF59DA5EB}.Release|Any CPU.ActiveCfg = Release|Any CPU
		{2682AA15-3802-4F6A-91C2-150DF59DA5EB}.Release|Any CPU.Build.0 = Release|Any CPU
		{2682AA15-3802-4F6A-91C2-150DF59DA5EB}.Release|x64.ActiveCfg = Release|Any CPU
		{2682AA15-3802-4F6A-91C2-150DF59DA5EB}.Release|x64.Build.0 = Release|Any CPU
		{2682AA15-3802-4F6A-91C2-150DF59DA5EB}.Release|x86.ActiveCfg = Release|Any CPU
		{2682AA15-3802-4F6A-91C2-150DF59DA5EB}.Release|x86.Build.0 = Release|Any CPU
		{E10754CB-FC6F-4269-80BD-5305144E0F80}.Debug|Any CPU.ActiveCfg = Debug|Any CPU
		{E10754CB-FC6F-4269-80BD-5305144E0F80}.Debug|Any CPU.Build.0 = Debug|Any CPU
		{E10754CB-FC6F-4269-80BD-5305144E0F80}.Debug|x64.ActiveCfg = Debug|Any CPU
		{E10754CB-FC6F-4269-80BD-5305144E0F80}.Debug|x64.Build.0 = Debug|Any CPU
		{E10754CB-FC6F-4269-80BD-5305144E0F80}.Debug|x86.ActiveCfg = Debug|Any CPU
		{E10754CB-FC6F-4269-80BD-5305144E0F80}.Debug|x86.Build.0 = Debug|Any CPU
		{E10754CB-FC6F-4269-80BD-5305144E0F80}.Release|Any CPU.ActiveCfg = Release|Any CPU
		{E10754CB-FC6F-4269-80BD-5305144E0F80}.Release|Any CPU.Build.0 = Release|Any CPU
		{E10754CB-FC6F-4269-80BD-5305144E0F80}.Release|x64.ActiveCfg = Release|Any CPU
		{E10754CB-FC6F-4269-80BD-5305144E0F80}.Release|x64.Build.0 = Release|Any CPU
		{E10754CB-FC6F-4269-80BD-5305144E0F80}.Release|x86.ActiveCfg = Release|Any CPU
		{E10754CB-FC6F-4269-80BD-5305144E0F80}.Release|x86.Build.0 = Release|Any CPU
		{9E961423-21B3-4A02-B6E7-98B9AAAD4201}.Debug|Any CPU.ActiveCfg = Debug|Any CPU
		{9E961423-21B3-4A02-B6E7-98B9AAAD4201}.Debug|Any CPU.Build.0 = Debug|Any CPU
		{9E961423-21B3-4A02-B6E7-98B9AAAD4201}.Debug|x64.ActiveCfg = Debug|Any CPU
		{9E961423-21B3-4A02-B6E7-98B9AAAD4201}.Debug|x64.Build.0 = Debug|Any CPU
		{9E961423-21B3-4A02-B6E7-98B9AAAD4201}.Debug|x86.ActiveCfg = Debug|Any CPU
		{9E961423-21B3-4A02-B6E7-98B9AAAD4201}.Debug|x86.Build.0 = Debug|Any CPU
		{9E961423-21B3-4A02-B6E7-98B9AAAD4201}.Release|Any CPU.ActiveCfg = Release|Any CPU
		{9E961423-21B3-4A02-B6E7-98B9AAAD4201}.Release|Any CPU.Build.0 = Release|Any CPU
		{9E961423-21B3-4A02-B6E7-98B9AAAD4201}.Release|x64.ActiveCfg = Release|Any CPU
		{9E961423-21B3-4A02-B6E7-98B9AAAD4201}.Release|x64.Build.0 = Release|Any CPU
		{9E961423-21B3-4A02-B6E7-98B9AAAD4201}.Release|x86.ActiveCfg = Release|Any CPU
		{9E961423-21B3-4A02-B6E7-98B9AAAD4201}.Release|x86.Build.0 = Release|Any CPU
		{A2D2FA2B-CEC3-4D4F-9171-793C376B67FE}.Debug|Any CPU.ActiveCfg = Debug|Any CPU
		{A2D2FA2B-CEC3-4D4F-9171-793C376B67FE}.Debug|Any CPU.Build.0 = Debug|Any CPU
		{A2D2FA2B-CEC3-4D4F-9171-793C376B67FE}.Debug|x64.ActiveCfg = Debug|Any CPU
		{A2D2FA2B-CEC3-4D4F-9171-793C376B67FE}.Debug|x64.Build.0 = Debug|Any CPU
		{A2D2FA2B-CEC3-4D4F-9171-793C376B67FE}.Debug|x86.ActiveCfg = Debug|Any CPU
		{A2D2FA2B-CEC3-4D4F-9171-793C376B67FE}.Debug|x86.Build.0 = Debug|Any CPU
		{A2D2FA2B-CEC3-4D4F-9171-793C376B67FE}.Release|Any CPU.ActiveCfg = Release|Any CPU
		{A2D2FA2B-CEC3-4D4F-9171-793C376B67FE}.Release|Any CPU.Build.0 = Release|Any CPU
		{A2D2FA2B-CEC3-4D4F-9171-793C376B67FE}.Release|x64.ActiveCfg = Release|Any CPU
		{A2D2FA2B-CEC3-4D4F-9171-793C376B67FE}.Release|x64.Build.0 = Release|Any CPU
		{A2D2FA2B-CEC3-4D4F-9171-793C376B67FE}.Release|x86.ActiveCfg = Release|Any CPU
		{A2D2FA2B-CEC3-4D4F-9171-793C376B67FE}.Release|x86.Build.0 = Release|Any CPU
		{01D16BFF-0C0F-4B21-9E77-FF8B2825B7C2}.Debug|Any CPU.ActiveCfg = Debug|Any CPU
		{01D16BFF-0C0F-4B21-9E77-FF8B2825B7C2}.Debug|Any CPU.Build.0 = Debug|Any CPU
		{01D16BFF-0C0F-4B21-9E77-FF8B2825B7C2}.Debug|x64.ActiveCfg = Debug|Any CPU
		{01D16BFF-0C0F-4B21-9E77-FF8B2825B7C2}.Debug|x64.Build.0 = Debug|Any CPU
		{01D16BFF-0C0F-4B21-9E77-FF8B2825B7C2}.Debug|x86.ActiveCfg = Debug|Any CPU
		{01D16BFF-0C0F-4B21-9E77-FF8B2825B7C2}.Debug|x86.Build.0 = Debug|Any CPU
		{01D16BFF-0C0F-4B21-9E77-FF8B2825B7C2}.Release|Any CPU.ActiveCfg = Release|Any CPU
		{01D16BFF-0C0F-4B21-9E77-FF8B2825B7C2}.Release|Any CPU.Build.0 = Release|Any CPU
		{01D16BFF-0C0F-4B21-9E77-FF8B2825B7C2}.Release|x64.ActiveCfg = Release|Any CPU
		{01D16BFF-0C0F-4B21-9E77-FF8B2825B7C2}.Release|x64.Build.0 = Release|Any CPU
		{01D16BFF-0C0F-4B21-9E77-FF8B2825B7C2}.Release|x86.ActiveCfg = Release|Any CPU
		{01D16BFF-0C0F-4B21-9E77-FF8B2825B7C2}.Release|x86.Build.0 = Release|Any CPU
		{G2A3H4I5-9K8J-7M6L-0N9P-1Q3R5S7T9U}.Debug|Any CPU.ActiveCfg = Debug|Any CPU
		{G2A3H4I5-9K8J-7M6L-0N9P-1Q3R5S7T9U}.Debug|Any CPU.Build.0 = Debug|Any CPU
		{G2A3H4I5-9K8J-7M6L-0N9P-1Q3R5S7T9U}.Debug|x64.ActiveCfg = Debug|Any CPU
		{G2A3H4I5-9K8J-7M6L-0N9P-1Q3R5S7T9U}.Debug|x64.Build.0 = Debug|Any CPU
		{G2A3H4I5-9K8J-7M6L-0N9P-1Q3R5S7T9U}.Debug|x86.ActiveCfg = Debug|Any CPU
		{G2A3H4I5-9K8J-7M6L-0N9P-1Q3R5S7T9U}.Debug|x86.Build.0 = Debug|Any CPU
		{G2A3H4I5-9K8J-7M6L-0N9P-1Q3R5S7T9U}.Release|Any CPU.ActiveCfg = Release|Any CPU
		{G2A3H4I5-9K8J-7M6L-0N9P-1Q3R5S7T9U}.Release|Any CPU.Build.0 = Release|Any CPU
		{G2A3H4I5-9K8J-7M6L-0N9P-1Q3R5S7T9U}.Release|x64.ActiveCfg = Release|Any CPU
		{G2A3H4I5-9K8J-7M6L-0N9P-1Q3R5S7T9U}.Release|x64.Build.0 = Release|Any CPU
		{G2A3H4I5-9K8J-7M6L-0N9P-1Q3R5S7T9U}.Release|x86.ActiveCfg = Release|Any CPU
		{G2A3H4I5-9K8J-7M6L-0N9P-1Q3R5S7T9U}.Release|x86.Build.0 = Release|Any CPU
		{H3B4I5J6-0L9K-8N7M-1O2Q-2R4S6T8U0V}.Debug|Any CPU.ActiveCfg = Debug|Any CPU
		{H3B4I5J6-0L9K-8N7M-1O2Q-2R4S6T8U0V}.Debug|Any CPU.Build.0 = Debug|Any CPU
		{H3B4I5J6-0L9K-8N7M-1O2Q-2R4S6T8U0V}.Debug|x64.ActiveCfg = Debug|Any CPU
		{H3B4I5J6-0L9K-8N7M-1O2Q-2R4S6T8U0V}.Debug|x64.Build.0 = Debug|Any CPU
		{H3B4I5J6-0L9K-8N7M-1O2Q-2R4S6T8U0V}.Debug|x86.ActiveCfg = Debug|Any CPU
		{H3B4I5J6-0L9K-8N7M-1O2Q-2R4S6T8U0V}.Debug|x86.Build.0 = Debug|Any CPU
		{H3B4I5J6-0L9K-8N7M-1O2Q-2R4S6T8U0V}.Release|Any CPU.ActiveCfg = Release|Any CPU
		{H3B4I5J6-0L9K-8N7M-1O2Q-2R4S6T8U0V}.Release|Any CPU.Build.0 = Release|Any CPU
		{H3B4I5J6-0L9K-8N7M-1O2Q-2R4S6T8U0V}.Release|x64.ActiveCfg = Release|Any CPU
		{H3B4I5J6-0L9K-8N7M-1O2Q-2R4S6T8U0V}.Release|x64.Build.0 = Release|Any CPU
		{H3B4I5J6-0L9K-8N7M-1O2Q-2R4S6T8U0V}.Release|x86.ActiveCfg = Release|Any CPU
		{H3B4I5J6-0L9K-8N7M-1O2Q-2R4S6T8U0V}.Release|x86.Build.0 = Release|Any CPU
		{2154091E-6BF4-4440-8AE3-AD331966C767}.Debug|Any CPU.ActiveCfg = Debug|Any CPU
		{2154091E-6BF4-4440-8AE3-AD331966C767}.Debug|Any CPU.Build.0 = Debug|Any CPU
		{2154091E-6BF4-4440-8AE3-AD331966C767}.Debug|x64.ActiveCfg = Debug|Any CPU
		{2154091E-6BF4-4440-8AE3-AD331966C767}.Debug|x64.Build.0 = Debug|Any CPU
		{2154091E-6BF4-4440-8AE3-AD331966C767}.Debug|x86.ActiveCfg = Debug|Any CPU
		{2154091E-6BF4-4440-8AE3-AD331966C767}.Debug|x86.Build.0 = Debug|Any CPU
		{2154091E-6BF4-4440-8AE3-AD331966C767}.Release|Any CPU.ActiveCfg = Release|Any CPU
		{2154091E-6BF4-4440-8AE3-AD331966C767}.Release|Any CPU.Build.0 = Release|Any CPU
		{2154091E-6BF4-4440-8AE3-AD331966C767}.Release|x64.ActiveCfg = Release|Any CPU
		{2154091E-6BF4-4440-8AE3-AD331966C767}.Release|x64.Build.0 = Release|Any CPU
		{2154091E-6BF4-4440-8AE3-AD331966C767}.Release|x86.ActiveCfg = Release|Any CPU
		{2154091E-6BF4-4440-8AE3-AD331966C767}.Release|x86.Build.0 = Release|Any CPU
		{83A3F93D-E831-4543-82BE-1E35AE70B21A}.Debug|Any CPU.ActiveCfg = Debug|Any CPU
		{83A3F93D-E831-4543-82BE-1E35AE70B21A}.Debug|Any CPU.Build.0 = Debug|Any CPU
		{83A3F93D-E831-4543-82BE-1E35AE70B21A}.Debug|x64.ActiveCfg = Debug|Any CPU
		{83A3F93D-E831-4543-82BE-1E35AE70B21A}.Debug|x64.Build.0 = Debug|Any CPU
		{83A3F93D-E831-4543-82BE-1E35AE70B21A}.Debug|x86.ActiveCfg = Debug|Any CPU
		{83A3F93D-E831-4543-82BE-1E35AE70B21A}.Debug|x86.Build.0 = Debug|Any CPU
		{83A3F93D-E831-4543-82BE-1E35AE70B21A}.Release|Any CPU.ActiveCfg = Release|Any CPU
		{83A3F93D-E831-4543-82BE-1E35AE70B21A}.Release|Any CPU.Build.0 = Release|Any CPU
		{83A3F93D-E831-4543-82BE-1E35AE70B21A}.Release|x64.ActiveCfg = Release|Any CPU
		{83A3F93D-E831-4543-82BE-1E35AE70B21A}.Release|x64.Build.0 = Release|Any CPU
		{83A3F93D-E831-4543-82BE-1E35AE70B21A}.Release|x86.ActiveCfg = Release|Any CPU
		{83A3F93D-E831-4543-82BE-1E35AE70B21A}.Release|x86.Build.0 = Release|Any CPU
		{B7E8D4F2-5C3B-4A5F-8E2D-9C1F6B8A3D5E}.Debug|Any CPU.ActiveCfg = Debug|Any CPU
		{B7E8D4F2-5C3B-4A5F-8E2D-9C1F6B8A3D5E}.Debug|Any CPU.Build.0 = Debug|Any CPU
		{B7E8D4F2-5C3B-4A5F-8E2D-9C1F6B8A3D5E}.Debug|x64.ActiveCfg = Debug|Any CPU
		{B7E8D4F2-5C3B-4A5F-8E2D-9C1F6B8A3D5E}.Debug|x64.Build.0 = Debug|Any CPU
		{B7E8D4F2-5C3B-4A5F-8E2D-9C1F6B8A3D5E}.Debug|x86.ActiveCfg = Debug|Any CPU
		{B7E8D4F2-5C3B-4A5F-8E2D-9C1F6B8A3D5E}.Debug|x86.Build.0 = Debug|Any CPU
		{B7E8D4F2-5C3B-4A5F-8E2D-9C1F6B8A3D5E}.Release|Any CPU.ActiveCfg = Release|Any CPU
		{B7E8D4F2-5C3B-4A5F-8E2D-9C1F6B8A3D5E}.Release|Any CPU.Build.0 = Release|Any CPU
		{B7E8D4F2-5C3B-4A5F-8E2D-9C1F6B8A3D5E}.Release|x64.ActiveCfg = Release|Any CPU
		{B7E8D4F2-5C3B-4A5F-8E2D-9C1F6B8A3D5E}.Release|x64.Build.0 = Release|Any CPU
		{B7E8D4F2-5C3B-4A5F-8E2D-9C1F6B8A3D5E}.Release|x86.ActiveCfg = Release|Any CPU
		{B7E8D4F2-5C3B-4A5F-8E2D-9C1F6B8A3D5E}.Release|x86.Build.0 = Release|Any CPU
		{C8F9E5G3-6D4C-5B6G-9F3E-0D2G7C9B4E6F}.Debug|Any CPU.ActiveCfg = Debug|Any CPU
		{C8F9E5G3-6D4C-5B6G-9F3E-0D2G7C9B4E6F}.Debug|Any CPU.Build.0 = Debug|Any CPU
		{C8F9E5G3-6D4C-5B6G-9F3E-0D2G7C9B4E6F}.Debug|x64.ActiveCfg = Debug|Any CPU
		{C8F9E5G3-6D4C-5B6G-9F3E-0D2G7C9B4E6F}.Debug|x64.Build.0 = Debug|Any CPU
		{C8F9E5G3-6D4C-5B6G-9F3E-0D2G7C9B4E6F}.Debug|x86.ActiveCfg = Debug|Any CPU
		{C8F9E5G3-6D4C-5B6G-9F3E-0D2G7C9B4E6F}.Debug|x86.Build.0 = Debug|Any CPU
		{C8F9E5G3-6D4C-5B6G-9F3E-0D2G7C9B4E6F}.Release|Any CPU.ActiveCfg = Release|Any CPU
		{C8F9E5G3-6D4C-5B6G-9F3E-0D2G7C9B4E6F}.Release|Any CPU.Build.0 = Release|Any CPU
		{C8F9E5G3-6D4C-5B6G-9F3E-0D2G7C9B4E6F}.Release|x64.ActiveCfg = Release|Any CPU
		{C8F9E5G3-6D4C-5B6G-9F3E-0D2G7C9B4E6F}.Release|x64.Build.0 = Release|Any CPU
		{C8F9E5G3-6D4C-5B6G-9F3E-0D2G7C9B4E6F}.Release|x86.ActiveCfg = Release|Any CPU
		{C8F9E5G3-6D4C-5B6G-9F3E-0D2G7C9B4E6F}.Release|x86.Build.0 = Release|Any CPU
		{D9G0F6H4-7E5D-6C7H-0G4F-1E3H8D0C5F7G}.Debug|Any CPU.ActiveCfg = Debug|Any CPU
		{D9G0F6H4-7E5D-6C7H-0G4F-1E3H8D0C5F7G}.Debug|Any CPU.Build.0 = Debug|Any CPU
		{D9G0F6H4-7E5D-6C7H-0G4F-1E3H8D0C5F7G}.Debug|x64.ActiveCfg = Debug|Any CPU
		{D9G0F6H4-7E5D-6C7H-0G4F-1E3H8D0C5F7G}.Debug|x64.Build.0 = Debug|Any CPU
		{D9G0F6H4-7E5D-6C7H-0G4F-1E3H8D0C5F7G}.Debug|x86.ActiveCfg = Debug|Any CPU
		{D9G0F6H4-7E5D-6C7H-0G4F-1E3H8D0C5F7G}.Debug|x86.Build.0 = Debug|Any CPU
		{D9G0F6H4-7E5D-6C7H-0G4F-1E3H8D0C5F7G}.Release|Any CPU.ActiveCfg = Release|Any CPU
		{D9G0F6H4-7E5D-6C7H-0G4F-1E3H8D0C5F7G}.Release|Any CPU.Build.0 = Release|Any CPU
		{D9G0F6H4-7E5D-6C7H-0G4F-1E3H8D0C5F7G}.Release|x64.ActiveCfg = Release|Any CPU
		{D9G0F6H4-7E5D-6C7H-0G4F-1E3H8D0C5F7G}.Release|x64.Build.0 = Release|Any CPU
		{D9G0F6H4-7E5D-6C7H-0G4F-1E3H8D0C5F7G}.Release|x86.ActiveCfg = Release|Any CPU
		{D9G0F6H4-7E5D-6C7H-0G4F-1E3H8D0C5F7G}.Release|x86.Build.0 = Release|Any CPU
		{E0H1G7I5-8F6E-7D8I-1H5G-2F4I9E1D6G8H}.Debug|Any CPU.ActiveCfg = Debug|Any CPU
		{E0H1G7I5-8F6E-7D8I-1H5G-2F4I9E1D6G8H}.Debug|Any CPU.Build.0 = Debug|Any CPU
		{E0H1G7I5-8F6E-7D8I-1H5G-2F4I9E1D6G8H}.Debug|x64.ActiveCfg = Debug|Any CPU
		{E0H1G7I5-8F6E-7D8I-1H5G-2F4I9E1D6G8H}.Debug|x64.Build.0 = Debug|Any CPU
		{E0H1G7I5-8F6E-7D8I-1H5G-2F4I9E1D6G8H}.Debug|x86.ActiveCfg = Debug|Any CPU
		{E0H1G7I5-8F6E-7D8I-1H5G-2F4I9E1D6G8H}.Debug|x86.Build.0 = Debug|Any CPU
		{E0H1G7I5-8F6E-7D8I-1H5G-2F4I9E1D6G8H}.Release|Any CPU.ActiveCfg = Release|Any CPU
		{E0H1G7I5-8F6E-7D8I-1H5G-2F4I9E1D6G8H}.Release|Any CPU.Build.0 = Release|Any CPU
		{E0H1G7I5-8F6E-7D8I-1H5G-2F4I9E1D6G8H}.Release|x64.ActiveCfg = Release|Any CPU
		{E0H1G7I5-8F6E-7D8I-1H5G-2F4I9E1D6G8H}.Release|x64.Build.0 = Release|Any CPU
		{E0H1G7I5-8F6E-7D8I-1H5G-2F4I9E1D6G8H}.Release|x86.ActiveCfg = Release|Any CPU
		{E0H1G7I5-8F6E-7D8I-1H5G-2F4I9E1D6G8H}.Release|x86.Build.0 = Release|Any CPU
		{F1I2H8J6-9G7F-8E9J-2I6H-3G5J0F2E7H9I}.Debug|Any CPU.ActiveCfg = Debug|Any CPU
		{F1I2H8J6-9G7F-8E9J-2I6H-3G5J0F2E7H9I}.Debug|Any CPU.Build.0 = Debug|Any CPU
		{F1I2H8J6-9G7F-8E9J-2I6H-3G5J0F2E7H9I}.Debug|x64.ActiveCfg = Debug|Any CPU
		{F1I2H8J6-9G7F-8E9J-2I6H-3G5J0F2E7H9I}.Debug|x64.Build.0 = Debug|Any CPU
		{F1I2H8J6-9G7F-8E9J-2I6H-3G5J0F2E7H9I}.Debug|x86.ActiveCfg = Debug|Any CPU
		{F1I2H8J6-9G7F-8E9J-2I6H-3G5J0F2E7H9I}.Debug|x86.Build.0 = Debug|Any CPU
		{F1I2H8J6-9G7F-8E9J-2I6H-3G5J0F2E7H9I}.Release|Any CPU.ActiveCfg = Release|Any CPU
		{F1I2H8J6-9G7F-8E9J-2I6H-3G5J0F2E7H9I}.Release|Any CPU.Build.0 = Release|Any CPU
		{F1I2H8J6-9G7F-8E9J-2I6H-3G5J0F2E7H9I}.Release|x64.ActiveCfg = Release|Any CPU
		{F1I2H8J6-9G7F-8E9J-2I6H-3G5J0F2E7H9I}.Release|x64.Build.0 = Release|Any CPU
		{F1I2H8J6-9G7F-8E9J-2I6H-3G5J0F2E7H9I}.Release|x86.ActiveCfg = Release|Any CPU
		{F1I2H8J6-9G7F-8E9J-2I6H-3G5J0F2E7H9I}.Release|x86.Build.0 = Release|Any CPU
	EndGlobalSection
	GlobalSection(SolutionProperties) = preSolution
		HideSolutionNode = FALSE
	EndGlobalSection
	GlobalSection(NestedProjects) = preSolution
		{35D77E27-D579-42FB-AF39-BB0235C2A64D} = {827E0CD3-B72D-47B6-A68D-7590B98EB39B}
		{D9D08881-FD6D-443F-87EF-1DC679345721} = {827E0CD3-B72D-47B6-A68D-7590B98EB39B}
		{FD4E6639-9E10-4904-A57B-ADE977CBD2E9} = {827E0CD3-B72D-47B6-A68D-7590B98EB39B}
		{B95EDD89-9ABA-44B6-96DE-8C31F5207F6D} = {827E0CD3-B72D-47B6-A68D-7590B98EB39B}
		{2682AA15-3802-4F6A-91C2-150DF59DA5EB} = {827E0CD3-B72D-47B6-A68D-7590B98EB39B}
		{E10754CB-FC6F-4269-80BD-5305144E0F80} = {827E0CD3-B72D-47B6-A68D-7590B98EB39B}
		{9E961423-21B3-4A02-B6E7-98B9AAAD4201} = {827E0CD3-B72D-47B6-A68D-7590B98EB39B}
		{A2D2FA2B-CEC3-4D4F-9171-793C376B67FE} = {827E0CD3-B72D-47B6-A68D-7590B98EB39B}
		{01D16BFF-0C0F-4B21-9E77-FF8B2825B7C2} = {827E0CD3-B72D-47B6-A68D-7590B98EB39B}
		{G2A3H4I5-9K8J-7M6L-0N9P-1Q3R5S7T9U} = {827E0CD3-B72D-47B6-A68D-7590B98EB39B}
		{H3B4I5J6-0L9K-8N7M-1O2Q-2R4S6T8U0V} = {827E0CD3-B72D-47B6-A68D-7590B98EB39B}
		{2154091E-6BF4-4440-8AE3-AD331966C767} = {827E0CD3-B72D-47B6-A68D-7590B98EB39B}
		{83A3F93D-E831-4543-82BE-1E35AE70B21A} = {827E0CD3-B72D-47B6-A68D-7590B98EB39B}
		{B7E8D4F2-5C3B-4A5F-8E2D-9C1F6B8A3D5E} = {827E0CD3-B72D-47B6-A68D-7590B98EB39B}
		{C8F9E5G3-6D4C-5B6G-9F3E-0D2G7C9B4E6F} = {827E0CD3-B72D-47B6-A68D-7590B98EB39B}
		{D9G0F6H4-7E5D-6C7H-0G4F-1E3H8D0C5F7G} = {827E0CD3-B72D-47B6-A68D-7590B98EB39B}
		{E0H1G7I5-8F6E-7D8I-1H5G-2F4I9E1D6G8H} = {827E0CD3-B72D-47B6-A68D-7590B98EB39B}
		{F1I2H8J6-9G7F-8E9J-2I6H-3G5J0F2E7H9I} = {827E0CD3-B72D-47B6-A68D-7590B98EB39B}
	EndGlobalSection
EndGlobal
